
Microsoft Visual Studio Solution File, Format Version 12.00
# Visual Studio Version 17
VisualStudioVersion = 17.14.36127.28 d17.14
MinimumVisualStudioVersion = 10.0.40219.1
Project("{FAE04EC0-301F-11D3-BF4B-00C04F79EFBC}") = "APIMain", "APIMain\APIMain.csproj", "{0996BC89-4BC1-4EDB-B1E4-5B9AD8FDC5F6}"
EndProject
Global
	GlobalSection(SolutionConfigurationPlatforms) = preSolution
		Debug|Any CPU = Debug|Any CPU
		Release|Any CPU = Release|Any CPU
	EndGlobalSection
	GlobalSection(ProjectConfigurationPlatforms) = postSolution
		{0996BC89-4BC1-4EDB-B1E4-5B9AD8FDC5F6}.Debug|Any CPU.ActiveCfg = Debug|Any CPU
		{0996BC89-4BC1-4EDB-B1E4-5B9AD8FDC5F6}.Debug|Any CPU.Build.0 = Debug|Any CPU
		{0996BC89-4BC1-4EDB-B1E4-5B9AD8FDC5F6}.Release|Any CPU.ActiveCfg = Release|Any CPU
		{0996BC89-4BC1-4EDB-B1E4-5B9AD8FDC5F6}.Release|Any CPU.Build.0 = Release|Any CPU
	EndGlobalSection
	GlobalSection(SolutionProperties) = preSolution
		HideSolutionNode = FALSE
	EndGlobalSection
	GlobalSection(ExtensibilityGlobals) = postSolution
		SolutionGuid = {7AA9BCD6-75D0-406E-A0D9-9C7643F6A76B}
	EndGlobalSection
EndGlobal
